
Microsoft Visual Studio Solution File, Format Version 12.00
# Visual Studio 14
VisualStudioVersion = 14.0.25420.1
MinimumVisualStudioVersion = 10.0.40219.1
Project("{FAE04EC0-301F-11D3-BF4B-00C04F79EFBC}") = "StoreWeb", "StoreWeb\StoreWeb.csproj", "{BA14E1DB-43BF-43DA-A05F-3C04C0176E7F}"
EndProject
Project("{FAE04EC0-301F-11D3-BF4B-00C04F79EFBC}") = "Core", "IRepository\Core.csproj", "{A28974F4-05E2-427F-8181-FC850A262D87}"
EndProject
Project("{FAE04EC0-301F-11D3-BF4B-00C04F79EFBC}") = "Core.Dal.Ado.Net", "Core.Dal.Ado.Net\Core.Dal.Ado.Net.csproj", "{AF7E5753-A9A9-4B6E-BFAF-EDF7219A3277}"
EndProject
Project("{FAE04EC0-301F-11D3-BF4B-00C04F79EFBC}") = "Entity", "Entity\Entity.csproj", "{AEB94797-EA1A-46B8-A622-DA05376CD94D}"
EndProject
Project("{FAE04EC0-301F-11D3-BF4B-00C04F79EFBC}") = "ProductStore", "ProductStore\ProductStore.csproj", "{E9C75BAB-08CB-4757-BC63-53A72FD9333D}"
EndProject
Project("{FAE04EC0-301F-11D3-BF4B-00C04F79EFBC}") = "Console", "Console\Console.csproj", "{032C357E-8FDB-4D9B-804B-E0047257A60A}"
EndProject
Global
	GlobalSection(SolutionConfigurationPlatforms) = preSolution
		Debug|Any CPU = Debug|Any CPU
		Release|Any CPU = Release|Any CPU
	EndGlobalSection
	GlobalSection(ProjectConfigurationPlatforms) = postSolution
		{BA14E1DB-43BF-43DA-A05F-3C04C0176E7F}.Debug|Any CPU.ActiveCfg = Debug|Any CPU
		{BA14E1DB-43BF-43DA-A05F-3C04C0176E7F}.Debug|Any CPU.Build.0 = Debug|Any CPU
		{BA14E1DB-43BF-43DA-A05F-3C04C0176E7F}.Release|Any CPU.ActiveCfg = Release|Any CPU
		{BA14E1DB-43BF-43DA-A05F-3C04C0176E7F}.Release|Any CPU.Build.0 = Release|Any CPU
		{A28974F4-05E2-427F-8181-FC850A262D87}.Debug|Any CPU.ActiveCfg = Debug|Any CPU
		{A28974F4-05E2-427F-8181-FC850A262D87}.Debug|Any CPU.Build.0 = Debug|Any CPU
		{A28974F4-05E2-427F-8181-FC850A262D87}.Release|Any CPU.ActiveCfg = Release|Any CPU
		{A28974F4-05E2-427F-8181-FC850A262D87}.Release|Any CPU.Build.0 = Release|Any CPU
		{AF7E5753-A9A9-4B6E-BFAF-EDF7219A3277}.Debug|Any CPU.ActiveCfg = Debug|Any CPU
		{AF7E5753-A9A9-4B6E-BFAF-EDF7219A3277}.Debug|Any CPU.Build.0 = Debug|Any CPU
		{AF7E5753-A9A9-4B6E-BFAF-EDF7219A3277}.Release|Any CPU.ActiveCfg = Release|Any CPU
		{AF7E5753-A9A9-4B6E-BFAF-EDF7219A3277}.Release|Any CPU.Build.0 = Release|Any CPU
		{AEB94797-EA1A-46B8-A622-DA05376CD94D}.Debug|Any CPU.ActiveCfg = Debug|Any CPU
		{AEB94797-EA1A-46B8-A622-DA05376CD94D}.Debug|Any CPU.Build.0 = Debug|Any CPU
		{AEB94797-EA1A-46B8-A622-DA05376CD94D}.Release|Any CPU.ActiveCfg = Release|Any CPU
		{AEB94797-EA1A-46B8-A622-DA05376CD94D}.Release|Any CPU.Build.0 = Release|Any CPU
		{E9C75BAB-08CB-4757-BC63-53A72FD9333D}.Debug|Any CPU.ActiveCfg = Debug|Any CPU
		{E9C75BAB-08CB-4757-BC63-53A72FD9333D}.Debug|Any CPU.Build.0 = Debug|Any CPU
		{E9C75BAB-08CB-4757-BC63-53A72FD9333D}.Release|Any CPU.ActiveCfg = Release|Any CPU
		{E9C75BAB-08CB-4757-BC63-53A72FD9333D}.Release|Any CPU.Build.0 = Release|Any CPU
		{032C357E-8FDB-4D9B-804B-E0047257A60A}.Debug|Any CPU.ActiveCfg = Debug|Any CPU
		{032C357E-8FDB-4D9B-804B-E0047257A60A}.Debug|Any CPU.Build.0 = Debug|Any CPU
		{032C357E-8FDB-4D9B-804B-E0047257A60A}.Release|Any CPU.ActiveCfg = Release|Any CPU
		{032C357E-8FDB-4D9B-804B-E0047257A60A}.Release|Any CPU.Build.0 = Release|Any CPU
	EndGlobalSection
	GlobalSection(SolutionProperties) = preSolution
		HideSolutionNode = FALSE
	EndGlobalSection
EndGlobal
